
Microsoft Visual Studio Solution File, Format Version 12.00
# Visual Studio Version 17
VisualStudioVersion = 17.3.32922.545
MinimumVisualStudioVersion = 10.0.40219.1
Project("{FAE04EC0-301F-11D3-BF4B-00C04F79EFBC}") = "TestVerticalDisplay", "TestVerticalDisplay\TestVerticalDisplay.csproj", "{9C592772-8B94-4B62-A763-D88E7804A2F2}"
EndProject
Global
	GlobalSection(SolutionConfigurationPlatforms) = preSolution
		Debug|Any CPU = Debug|Any CPU
		Release|Any CPU = Release|Any CPU
	EndGlobalSection
	GlobalSection(ProjectConfigurationPlatforms) = postSolution
		{9C592772-8B94-4B62-A763-D88E7804A2F2}.Debug|Any CPU.ActiveCfg = Debug|Any CPU
		{9C592772-8B94-4B62-A763-D88E7804A2F2}.Debug|Any CPU.Build.0 = Debug|Any CPU
		{9C592772-8B94-4B62-A763-D88E7804A2F2}.Release|Any CPU.ActiveCfg = Release|Any CPU
		{9C592772-8B94-4B62-A763-D88E7804A2F2}.Release|Any CPU.Build.0 = Release|Any CPU
	EndGlobalSection
	GlobalSection(SolutionProperties) = preSolution
		HideSolutionNode = FALSE
	EndGlobalSection
	GlobalSection(ExtensibilityGlobals) = postSolution
		SolutionGuid = {1666F11A-01DB-4A29-BC8A-5EBE20688399}
	EndGlobalSection
EndGlobal
